
Microsoft Visual Studio Solution File, Format Version 12.00
# Visual Studio Version 16
VisualStudioVersion = 16.0.29911.84
MinimumVisualStudioVersion = 10.0.40219.1
Project("{FAE04EC0-301F-11D3-BF4B-00C04F79EFBC}") = "ACM.BL", "ACM.BL\ACM.BL.csproj", "{2D7804C8-4EB7-4C5E-9754-62BEF246C4B6}"
EndProject
Project("{2150E333-8FDC-42A3-9474-1A3956D46DE8}") = "Tests", "Tests", "{16F436F7-AB49-4C30-9153-6236DDE0633E}"
EndProject
Project("{FAE04EC0-301F-11D3-BF4B-00C04F79EFBC}") = "ACM.BLTest", "Test\ACM.BLTest\ACM.BLTest.csproj", "{8ADDAAA8-2AB0-4169-8B9D-2AB0C2BE0578}"
EndProject
Global
	GlobalSection(SolutionConfigurationPlatforms) = preSolution
		Debug|Any CPU = Debug|Any CPU
		Release|Any CPU = Release|Any CPU
	EndGlobalSection
	GlobalSection(ProjectConfigurationPlatforms) = postSolution
		{2D7804C8-4EB7-4C5E-9754-62BEF246C4B6}.Debug|Any CPU.ActiveCfg = Debug|Any CPU
		{2D7804C8-4EB7-4C5E-9754-62BEF246C4B6}.Debug|Any CPU.Build.0 = Debug|Any CPU
		{2D7804C8-4EB7-4C5E-9754-62BEF246C4B6}.Release|Any CPU.ActiveCfg = Release|Any CPU
		{2D7804C8-4EB7-4C5E-9754-62BEF246C4B6}.Release|Any CPU.Build.0 = Release|Any CPU
		{8ADDAAA8-2AB0-4169-8B9D-2AB0C2BE0578}.Debug|Any CPU.ActiveCfg = Debug|Any CPU
		{8ADDAAA8-2AB0-4169-8B9D-2AB0C2BE0578}.Debug|Any CPU.Build.0 = Debug|Any CPU
		{8ADDAAA8-2AB0-4169-8B9D-2AB0C2BE0578}.Release|Any CPU.ActiveCfg = Release|Any CPU
		{8ADDAAA8-2AB0-4169-8B9D-2AB0C2BE0578}.Release|Any CPU.Build.0 = Release|Any CPU
	EndGlobalSection
	GlobalSection(SolutionProperties) = preSolution
		HideSolutionNode = FALSE
	EndGlobalSection
	GlobalSection(NestedProjects) = preSolution
		{8ADDAAA8-2AB0-4169-8B9D-2AB0C2BE0578} = {16F436F7-AB49-4C30-9153-6236DDE0633E}
	EndGlobalSection
	GlobalSection(ExtensibilityGlobals) = postSolution
		SolutionGuid = {982F6FBD-C010-42DE-AD41-60644BF227B6}
	EndGlobalSection
EndGlobal
